
Microsoft Visual Studio Solution File, Format Version 12.00
# Visual Studio Version 17
VisualStudioVersion = 17.11.35312.102
MinimumVisualStudioVersion = 10.0.40219.1
Project("{FAE04EC0-301F-11D3-BF4B-00C04F79EFBC}") = "ConsoleApp2", "ConsoleApp2.csproj", "{065CB1F8-9D54-4EEF-9F33-55D67FAF5CFF}"
EndProject
Global
	GlobalSection(SolutionConfigurationPlatforms) = preSolution
		Debug|Any CPU = Debug|Any CPU
		Release|Any CPU = Release|Any CPU
	EndGlobalSection
	GlobalSection(ProjectConfigurationPlatforms) = postSolution
		{065CB1F8-9D54-4EEF-9F33-55D67FAF5CFF}.Debug|Any CPU.ActiveCfg = Debug|Any CPU
		{065CB1F8-9D54-4EEF-9F33-55D67FAF5CFF}.Debug|Any CPU.Build.0 = Debug|Any CPU
		{065CB1F8-9D54-4EEF-9F33-55D67FAF5CFF}.Release|Any CPU.ActiveCfg = Release|Any CPU
		{065CB1F8-9D54-4EEF-9F33-55D67FAF5CFF}.Release|Any CPU.Build.0 = Release|Any CPU
	EndGlobalSection
	GlobalSection(SolutionProperties) = preSolution
		HideSolutionNode = FALSE
	EndGlobalSection
	GlobalSection(ExtensibilityGlobals) = postSolution
		SolutionGuid = {B3166E41-8B97-4D04-9F7E-96E125B3AE7B}
	EndGlobalSection
EndGlobal
